{
  "name": "what-changed",
  "version": "0.1.0",
  "lockfileVersion": 3,
  "requires": true,
  "packages": {
    "": {
      "name": "what-changed",
      "version": "0.1.0",
      "license": "MIT",
      "dependencies": {
        "adf-codec": "file:../adf-codec"
      },
      "bin": {
        "what-changed": "src/cli.js"
      },
      "engines": {
        "node": ">=24"
      }
    },
    "../adf-codec": {
      "version": "0.1.0",
      "license": "MIT",
      "bin": {
        "adf": "src/cli.js"
      },
      "engines": {
        "node": ">=18"
      }
    },
    "node_modules/adf-codec": {
      "resolved": "../adf-codec",
      "link": true
    }
  }
}
