{
  "name": "what-changed",
  "version": "0.1.0",
  "lockfileVersion": 3,
  "requires": true,
  "packages": {
    "": {
      "name": "what-changed",
      "version": "0.1.0",
      "license": "MIT",
      "dependencies": {
        "read-better": "file:../read-better"
      },
      "bin": {
        "what-changed": "src/cli.js"
      },
      "engines": {
        "node": ">=24"
      }
    },
    "../adf-codec": {
      "version": "0.1.0",
      "extraneous": true,
      "license": "MIT",
      "bin": {
        "adf": "src/cli.js"
      },
      "engines": {
        "node": ">=18"
      }
    },
    "../read-better": {
      "version": "0.2.0",
      "license": "MIT",
      "bin": {
        "read-better": "src/cli.js"
      },
      "engines": {
        "node": ">=18"
      }
    },
    "node_modules/read-better": {
      "resolved": "../read-better",
      "link": true
    }
  }
}
